{
  "name": "visual-agenda",
  "version": "0.1.0",
  "lockfileVersion": 3,
  "requires": true,
  "packages": {
    "": {
      "name": "visual-agenda",
      "version": "0.1.0",
      "dependencies": {
        "react": "latest",
        "react-dom": "latest"
      },
      "devDependencies": {
        "@types/node": "latest",
        "@types/react": "latest",
        "@types/react-dom": "latest",
        "@vitejs/plugin-react": "latest",
        "jsdom": "latest",
        "typescript": "latest",
        "vite": "latest",
        "vitest": "latest"
      }
    }
  }
}
